{
  "name": "ai-book",
  "lockfileVersion": 3,
  "requires": true,
  "packages": {
    "": {
      "devDependencies": {
        "@docusaurus/tsconfig": "^3.9.2"
      }
    },
    "node_modules/@docusaurus/tsconfig": {
      "version": "3.9.2",
      "resolved": "https://registry.npmjs.org/@docusaurus/tsconfig/-/tsconfig-3.9.2.tgz",
      "integrity": "sha512-j6/Fp4Rlpxsc632cnRnl5HpOWeb6ZKssDj6/XzzAzVGXXfm9Eptx3rxCC+fDzySn9fHTS+CWJjPineCR1bB5WQ==",
      "dev": true,
      "license": "MIT"
    }
  }
}
